{
  "originHash" : "2237d0b1dc2543112084ef3433dae13e7337511fdbc7ccc164aeebb4fa6dd5e5",
  "pins" : [
    {
      "identity" : "libical",
      "kind" : "remoteSourceControl",
      "location" : "https://github.com/okferret/libical.git",
      "state" : {
        "revision" : "c9c50ea4430e71f4b3a7543fc9f51e066ef3f727",
        "version" : "3.0.20"
      }
    }
  ],
  "version" : 3
}
