{
  "originHash" : "d01e138ca2333e11bdee2e2f52d48277c257eb4115c6e5e8682f3419785e77a7",
  "pins" : [
    {
      "identity" : "libical",
      "kind" : "remoteSourceControl",
      "location" : "https://github.com/okferret/libical.git",
      "state" : {
        "revision" : "b570aecbf80cb18ba2bd0caa25064f60609f6a43",
        "version" : "3.0.20"
      }
    }
  ],
  "version" : 3
}
